
Microsoft Visual Studio Solution File, Format Version 12.00
# Visual Studio 2013
VisualStudioVersion = 12.0.31101.0
MinimumVisualStudioVersion = 10.0.40219.1
Project("{FAE04EC0-301F-11D3-BF4B-00C04F79EFBC}") = "StyrBoard.Domain.Model", "StyrBoard.Domain.Model\StyrBoard.Domain.Model.csproj", "{507D9B12-AB6B-4559-AAD7-166AE386E62C}"
EndProject
Project("{FAE04EC0-301F-11D3-BF4B-00C04F79EFBC}") = "StyrBoard.Domain.Repository", "StyrBoard.Domain.Repository\StyrBoard.Domain.Repository.csproj", "{CDD70048-22D9-4FCF-AFBA-7618BCAABFBB}"
EndProject
Project("{FAE04EC0-301F-11D3-BF4B-00C04F79EFBC}") = "StyrBoard.Web", "StyrBoard.Web\StyrBoard.Web.csproj", "{52C2514C-0362-4719-8DA9-5383C76F20EC}"
EndProject
Project("{FAE04EC0-301F-11D3-BF4B-00C04F79EFBC}") = "StyrBoard.View.Model", "StyrBoard.View.Model\StyrBoard.View.Model.csproj", "{B0916A81-AD96-4871-B3F1-00DF4B7A6517}"
EndProject
Project("{FAE04EC0-301F-11D3-BF4B-00C04F79EFBC}") = "StyrBoard.View.Repository", "StyrBoard.View.Repository\StyrBoard.View.Repository.csproj", "{EC7CD30D-0C92-4A74-B511-652E3BDE080B}"
EndProject
Project("{FAE04EC0-301F-11D3-BF4B-00C04F79EFBC}") = "StyrBoard.Tests", "StyrBoard.Domain.Repository.Tests\StyrBoard.Tests.csproj", "{8B9BA4A6-EF1D-4B54-A5ED-A75A72A8A9CE}"
EndProject
Global
	GlobalSection(SolutionConfigurationPlatforms) = preSolution
		Debug|Any CPU = Debug|Any CPU
		Release|Any CPU = Release|Any CPU
	EndGlobalSection
	GlobalSection(ProjectConfigurationPlatforms) = postSolution
		{507D9B12-AB6B-4559-AAD7-166AE386E62C}.Debug|Any CPU.ActiveCfg = Debug|Any CPU
		{507D9B12-AB6B-4559-AAD7-166AE386E62C}.Debug|Any CPU.Build.0 = Debug|Any CPU
		{507D9B12-AB6B-4559-AAD7-166AE386E62C}.Release|Any CPU.ActiveCfg = Release|Any CPU
		{507D9B12-AB6B-4559-AAD7-166AE386E62C}.Release|Any CPU.Build.0 = Release|Any CPU
		{CDD70048-22D9-4FCF-AFBA-7618BCAABFBB}.Debug|Any CPU.ActiveCfg = Debug|Any CPU
		{CDD70048-22D9-4FCF-AFBA-7618BCAABFBB}.Debug|Any CPU.Build.0 = Debug|Any CPU
		{CDD70048-22D9-4FCF-AFBA-7618BCAABFBB}.Release|Any CPU.ActiveCfg = Release|Any CPU
		{CDD70048-22D9-4FCF-AFBA-7618BCAABFBB}.Release|Any CPU.Build.0 = Release|Any CPU
		{52C2514C-0362-4719-8DA9-5383C76F20EC}.Debug|Any CPU.ActiveCfg = Debug|Any CPU
		{52C2514C-0362-4719-8DA9-5383C76F20EC}.Debug|Any CPU.Build.0 = Debug|Any CPU
		{52C2514C-0362-4719-8DA9-5383C76F20EC}.Release|Any CPU.ActiveCfg = Release|Any CPU
		{52C2514C-0362-4719-8DA9-5383C76F20EC}.Release|Any CPU.Build.0 = Release|Any CPU
		{B0916A81-AD96-4871-B3F1-00DF4B7A6517}.Debug|Any CPU.ActiveCfg = Debug|Any CPU
		{B0916A81-AD96-4871-B3F1-00DF4B7A6517}.Debug|Any CPU.Build.0 = Debug|Any CPU
		{B0916A81-AD96-4871-B3F1-00DF4B7A6517}.Release|Any CPU.ActiveCfg = Release|Any CPU
		{B0916A81-AD96-4871-B3F1-00DF4B7A6517}.Release|Any CPU.Build.0 = Release|Any CPU
		{EC7CD30D-0C92-4A74-B511-652E3BDE080B}.Debug|Any CPU.ActiveCfg = Debug|Any CPU
		{EC7CD30D-0C92-4A74-B511-652E3BDE080B}.Debug|Any CPU.Build.0 = Debug|Any CPU
		{EC7CD30D-0C92-4A74-B511-652E3BDE080B}.Release|Any CPU.ActiveCfg = Release|Any CPU
		{EC7CD30D-0C92-4A74-B511-652E3BDE080B}.Release|Any CPU.Build.0 = Release|Any CPU
		{8B9BA4A6-EF1D-4B54-A5ED-A75A72A8A9CE}.Debug|Any CPU.ActiveCfg = Debug|Any CPU
		{8B9BA4A6-EF1D-4B54-A5ED-A75A72A8A9CE}.Debug|Any CPU.Build.0 = Debug|Any CPU
		{8B9BA4A6-EF1D-4B54-A5ED-A75A72A8A9CE}.Release|Any CPU.ActiveCfg = Release|Any CPU
		{8B9BA4A6-EF1D-4B54-A5ED-A75A72A8A9CE}.Release|Any CPU.Build.0 = Release|Any CPU
	EndGlobalSection
	GlobalSection(SolutionProperties) = preSolution
		HideSolutionNode = FALSE
	EndGlobalSection
EndGlobal
